
Microsoft Visual Studio Solution File, Format Version 12.00
Project("{FAE04EC0-301F-11D3-BF4B-00C04F79EFBC}") = "LevelUp.Microservice.Auth", "LevelUp.Microservice.Auth\LevelUp.Microservice.Auth.csproj", "{5352F2FC-74A6-487A-A9AB-1B1019A6DF50}"
EndProject
Global
	GlobalSection(SolutionConfigurationPlatforms) = preSolution
		Debug|Any CPU = Debug|Any CPU
		Release|Any CPU = Release|Any CPU
	EndGlobalSection
	GlobalSection(ProjectConfigurationPlatforms) = postSolution
		{5352F2FC-74A6-487A-A9AB-1B1019A6DF50}.Debug|Any CPU.ActiveCfg = Debug|Any CPU
		{5352F2FC-74A6-487A-A9AB-1B1019A6DF50}.Debug|Any CPU.Build.0 = Debug|Any CPU
		{5352F2FC-74A6-487A-A9AB-1B1019A6DF50}.Release|Any CPU.ActiveCfg = Release|Any CPU
		{5352F2FC-74A6-487A-A9AB-1B1019A6DF50}.Release|Any CPU.Build.0 = Release|Any CPU
	EndGlobalSection
EndGlobal
